
Microsoft Visual Studio Solution File, Format Version 12.00
# Visual Studio 14
VisualStudioVersion = 14.0.25420.1
MinimumVisualStudioVersion = 10.0.40219.1
Project("{FAE04EC0-301F-11D3-BF4B-00C04F79EFBC}") = "PrintNumbers", "PrintNumbers\PrintNumbers.csproj", "{0E5C75E3-043C-41BA-9196-F34F14A1B384}"
EndProject
Global
	GlobalSection(SolutionConfigurationPlatforms) = preSolution
		Debug|Any CPU = Debug|Any CPU
		Release|Any CPU = Release|Any CPU
	EndGlobalSection
	GlobalSection(ProjectConfigurationPlatforms) = postSolution
		{0E5C75E3-043C-41BA-9196-F34F14A1B384}.Debug|Any CPU.ActiveCfg = Debug|Any CPU
		{0E5C75E3-043C-41BA-9196-F34F14A1B384}.Debug|Any CPU.Build.0 = Debug|Any CPU
		{0E5C75E3-043C-41BA-9196-F34F14A1B384}.Release|Any CPU.ActiveCfg = Release|Any CPU
		{0E5C75E3-043C-41BA-9196-F34F14A1B384}.Release|Any CPU.Build.0 = Release|Any CPU
	EndGlobalSection
	GlobalSection(SolutionProperties) = preSolution
		HideSolutionNode = FALSE
	EndGlobalSection
EndGlobal
